
Microsoft Visual Studio Solution File, Format Version 12.00
# Visual Studio Version 17
VisualStudioVersion = 17.1.32319.34
MinimumVisualStudioVersion = 10.0.40219.1
Project("{9A19103F-16F7-4668-BE54-9A1E7A4F7556}") = "Strategy", "Strategy\Strategy.csproj", "{700421A6-0D22-4188-9041-857BAECC2468}"
EndProject
Project("{9A19103F-16F7-4668-BE54-9A1E7A4F7556}") = "Observer", "Observer\Observer.csproj", "{9BCABD44-EC16-47A0-A2AC-CDBD9CEB52AF}"
EndProject
Project("{9A19103F-16F7-4668-BE54-9A1E7A4F7556}") = "Decorator", "Decorator\Decorator.csproj", "{9905D2F9-152C-4390-9878-998B21D61118}"
EndProject
Project("{9A19103F-16F7-4668-BE54-9A1E7A4F7556}") = "Factory", "Factory\Factory.csproj", "{B3D88F45-090C-4A84-9B1A-C3864AA5EF07}"
EndProject
Project("{9A19103F-16F7-4668-BE54-9A1E7A4F7556}") = "Singleton", "Singleton\Singleton.csproj", "{2B66A44A-1CA7-4253-8058-6252FE897247}"
EndProject
Project("{FAE04EC0-301F-11D3-BF4B-00C04F79EFBC}") = "Prototype", "Prototype\Prototype.csproj", "{328C0B6C-008E-4283-8C42-6D3B4CBC7120}"
EndProject
Global
	GlobalSection(SolutionConfigurationPlatforms) = preSolution
		Debug|Any CPU = Debug|Any CPU
		Release|Any CPU = Release|Any CPU
	EndGlobalSection
	GlobalSection(ProjectConfigurationPlatforms) = postSolution
		{700421A6-0D22-4188-9041-857BAECC2468}.Debug|Any CPU.ActiveCfg = Debug|Any CPU
		{700421A6-0D22-4188-9041-857BAECC2468}.Debug|Any CPU.Build.0 = Debug|Any CPU
		{700421A6-0D22-4188-9041-857BAECC2468}.Release|Any CPU.ActiveCfg = Release|Any CPU
		{700421A6-0D22-4188-9041-857BAECC2468}.Release|Any CPU.Build.0 = Release|Any CPU
		{9BCABD44-EC16-47A0-A2AC-CDBD9CEB52AF}.Debug|Any CPU.ActiveCfg = Debug|Any CPU
		{9BCABD44-EC16-47A0-A2AC-CDBD9CEB52AF}.Debug|Any CPU.Build.0 = Debug|Any CPU
		{9BCABD44-EC16-47A0-A2AC-CDBD9CEB52AF}.Release|Any CPU.ActiveCfg = Release|Any CPU
		{9BCABD44-EC16-47A0-A2AC-CDBD9CEB52AF}.Release|Any CPU.Build.0 = Release|Any CPU
		{9905D2F9-152C-4390-9878-998B21D61118}.Debug|Any CPU.ActiveCfg = Debug|Any CPU
		{9905D2F9-152C-4390-9878-998B21D61118}.Debug|Any CPU.Build.0 = Debug|Any CPU
		{9905D2F9-152C-4390-9878-998B21D61118}.Release|Any CPU.ActiveCfg = Release|Any CPU
		{9905D2F9-152C-4390-9878-998B21D61118}.Release|Any CPU.Build.0 = Release|Any CPU
		{B3D88F45-090C-4A84-9B1A-C3864AA5EF07}.Debug|Any CPU.ActiveCfg = Debug|Any CPU
		{B3D88F45-090C-4A84-9B1A-C3864AA5EF07}.Debug|Any CPU.Build.0 = Debug|Any CPU
		{B3D88F45-090C-4A84-9B1A-C3864AA5EF07}.Release|Any CPU.ActiveCfg = Release|Any CPU
		{B3D88F45-090C-4A84-9B1A-C3864AA5EF07}.Release|Any CPU.Build.0 = Release|Any CPU
		{2B66A44A-1CA7-4253-8058-6252FE897247}.Debug|Any CPU.ActiveCfg = Debug|Any CPU
		{2B66A44A-1CA7-4253-8058-6252FE897247}.Debug|Any CPU.Build.0 = Debug|Any CPU
		{2B66A44A-1CA7-4253-8058-6252FE897247}.Release|Any CPU.ActiveCfg = Release|Any CPU
		{2B66A44A-1CA7-4253-8058-6252FE897247}.Release|Any CPU.Build.0 = Release|Any CPU
		{328C0B6C-008E-4283-8C42-6D3B4CBC7120}.Debug|Any CPU.ActiveCfg = Debug|Any CPU
		{328C0B6C-008E-4283-8C42-6D3B4CBC7120}.Debug|Any CPU.Build.0 = Debug|Any CPU
		{328C0B6C-008E-4283-8C42-6D3B4CBC7120}.Release|Any CPU.ActiveCfg = Release|Any CPU
		{328C0B6C-008E-4283-8C42-6D3B4CBC7120}.Release|Any CPU.Build.0 = Release|Any CPU
	EndGlobalSection
	GlobalSection(SolutionProperties) = preSolution
		HideSolutionNode = FALSE
	EndGlobalSection
	GlobalSection(ExtensibilityGlobals) = postSolution
		SolutionGuid = {FAF98053-929A-4E51-9FEB-D2AD3FA21AF2}
	EndGlobalSection
EndGlobal
